// !$*UTF8*$!
{
	archiveVersion = 1;
	classes = {
	};
	objectVersion = 56;
	objects = {

/* Begin PBXBuildFile section */
		FEE8BFBF2975E8DD0017DFDC /* AlgoritmosApp.swift in Sources */ = {isa = PBXBuildFile; fileRef = FEE8BFBE2975E8DD0017DFDC /* AlgoritmosApp.swift */; };
		FEE8BFC12975E8DD0017DFDC /* ContentView.swift in Sources */ = {isa = PBXBuildFile; fileRef = FEE8BFC02975E8DD0017DFDC /* ContentView.swift */; };
		FEE8BFC32975E8DE0017DFDC /* Assets.xcassets in Resources */ = {isa = PBXBuildFile; fileRef = FEE8BFC22975E8DE0017DFDC /* Assets.xcassets */; };
		FEE8BFC62975E8DE0017DFDC /* Preview Assets.xcassets in Resources */ = {isa = PBXBuildFile; fileRef = FEE8BFC52975E8DE0017DFDC /* Preview Assets.xcassets */; };
		FEE8BFD02975E8DF0017DFDC /* AlgoritmosTests.swift in Sources */ = {isa = PBXBuildFile; fileRef = FEE8BFCF2975E8DF0017DFDC /* AlgoritmosTests.swift */; };
		FEE8BFDA2975E8DF0017DFDC /* AlgoritmosUITests.swift in Sources */ = {isa = PBXBuildFile; fileRef = FEE8BFD92975E8DF0017DFDC /* AlgoritmosUITests.swift */; };
		FEE8BFDC2975E8DF0017DFDC /* AlgoritmosUITestsLaunchTests.swift in Sources */ = {isa = PBXBuildFile; fileRef = FEE8BFDB2975E8DF0017DFDC /* AlgoritmosUITestsLaunchTests.swift */; };
		FEE8BFEC2975EA960017DFDC /* Graph.swift in Sources */ = {isa = PBXBuildFile; fileRef = FEE8BFEB2975EA960017DFDC /* Graph.swift */; };
		FEEDB42B297879EF00B4D4BC /* UndirectedGraph.swift in Sources */ = {isa = PBXBuildFile; fileRef = FEEDB42A297879EF00B4D4BC /* UndirectedGraph.swift */; };
		FEF527F1297D5C53006B0D93 /* LinkedList.swift in Sources */ = {isa = PBXBuildFile; fileRef = FEF527F0297D5C53006B0D93 /* LinkedList.swift */; };
/* End PBXBuildFile section */

/* Begin PBXContainerItemProxy section */
		FEE8BFCC2975E8DF0017DFDC /* PBXContainerItemProxy */ = {
			isa = PBXContainerItemProxy;
			containerPortal = FEE8BFB32975E8DC0017DFDC /* Project object */;
			proxyType = 1;
			remoteGlobalIDString = FEE8BFBA2975E8DD0017DFDC;
			remoteInfo = Algoritmos;
		};
		FEE8BFD62975E8DF0017DFDC /* PBXContainerItemProxy */ = {
			isa = PBXContainerItemProxy;
			containerPortal = FEE8BFB32975E8DC0017DFDC /* Project object */;
			proxyType = 1;
			remoteGlobalIDString = FEE8BFBA2975E8DD0017DFDC;
			remoteInfo = Algoritmos;
		};
/* End PBXContainerItemProxy section */

/* Begin PBXFileReference section */
		FE1224E72976C92800E2AD5D /* FloydWarshall.playground */ = {isa = PBXFileReference; lastKnownFileType = file.playground; path = FloydWarshall.playground; sourceTree = "<group>"; xcLanguageSpecificationIdentifier = xcode.lang.swift; };
		FEA1D1E8298AB188007066B1 /* MergeSort.playground */ = {isa = PBXFileReference; lastKnownFileType = file.playground; path = MergeSort.playground; sourceTree = "<group>"; xcLanguageSpecificationIdentifier = xcode.lang.swift; };
		FEA94B952981596400ACA4A3 /* Reverse.playground */ = {isa = PBXFileReference; lastKnownFileType = file.playground; path = Reverse.playground; sourceTree = "<group>"; xcLanguageSpecificationIdentifier = xcode.lang.swift; };
		FEC4B3D4297749EF0067124B /* UnionFind.playground */ = {isa = PBXFileReference; lastKnownFileType = file.playground; path = UnionFind.playground; sourceTree = "<group>"; xcLanguageSpecificationIdentifier = xcode.lang.swift; };
		FECC28B329801B960003C991 /* Merge.playground */ = {isa = PBXFileReference; lastKnownFileType = file.playground; path = Merge.playground; sourceTree = "<group>"; xcLanguageSpecificationIdentifier = xcode.lang.swift; };
		FECEA08F297DD0920074F639 /* Compare.playground */ = {isa = PBXFileReference; lastKnownFileType = file.playground; path = Compare.playground; sourceTree = "<group>"; xcLanguageSpecificationIdentifier = xcode.lang.swift; };
		FED456482979E9CF00C26B5D /* TopologicalSorting.playground */ = {isa = PBXFileReference; lastKnownFileType = file.playground; path = TopologicalSorting.playground; sourceTree = "<group>"; xcLanguageSpecificationIdentifier = xcode.lang.swift; };
		FED4BB272979A72600CDB0F5 /* Kruskal.playground */ = {isa = PBXFileReference; lastKnownFileType = file.playground; path = Kruskal.playground; sourceTree = "<group>"; xcLanguageSpecificationIdentifier = xcode.lang.swift; };
		FED61A44297B025400612035 /* Boggle.playground */ = {isa = PBXFileReference; lastKnownFileType = file.playground; path = Boggle.playground; sourceTree = "<group>"; xcLanguageSpecificationIdentifier = xcode.lang.swift; };
		FED7322D2981A3C300B88BBF /* Union.playground */ = {isa = PBXFileReference; lastKnownFileType = file.playground; path = Union.playground; sourceTree = "<group>"; xcLanguageSpecificationIdentifier = xcode.lang.swift; };
		FEDA3420297D951600F5D28F /* DeleteNode.playground */ = {isa = PBXFileReference; lastKnownFileType = file.playground; path = DeleteNode.playground; sourceTree = "<group>"; xcLanguageSpecificationIdentifier = xcode.lang.swift; };
		FEE3B0CB297F019B00E1E5A2 /* Sum.playground */ = {isa = PBXFileReference; lastKnownFileType = file.playground; path = Sum.playground; sourceTree = "<group>"; xcLanguageSpecificationIdentifier = xcode.lang.swift; };
		FEE8BFBB2975E8DD0017DFDC /* Algoritmos.app */ = {isa = PBXFileReference; explicitFileType = wrapper.application; includeInIndex = 0; path = Algoritmos.app; sourceTree = BUILT_PRODUCTS_DIR; };
		FEE8BFBE2975E8DD0017DFDC /* AlgoritmosApp.swift */ = {isa = PBXFileReference; lastKnownFileType = sourcecode.swift; path = AlgoritmosApp.swift; sourceTree = "<group>"; };
		FEE8BFC02975E8DD0017DFDC /* ContentView.swift */ = {isa = PBXFileReference; lastKnownFileType = sourcecode.swift; path = ContentView.swift; sourceTree = "<group>"; };
		FEE8BFC22975E8DE0017DFDC /* Assets.xcassets */ = {isa = PBXFileReference; lastKnownFileType = folder.assetcatalog; path = Assets.xcassets; sourceTree = "<group>"; };
		FEE8BFC52975E8DE0017DFDC /* Preview Assets.xcassets */ = {isa = PBXFileReference; lastKnownFileType = folder.assetcatalog; path = "Preview Assets.xcassets"; sourceTree = "<group>"; };
		FEE8BFCB2975E8DF0017DFDC /* AlgoritmosTests.xctest */ = {isa = PBXFileReference; explicitFileType = wrapper.cfbundle; includeInIndex = 0; path = AlgoritmosTests.xctest; sourceTree = BUILT_PRODUCTS_DIR; };
		FEE8BFCF2975E8DF0017DFDC /* AlgoritmosTests.swift */ = {isa = PBXFileReference; lastKnownFileType = sourcecode.swift; path = AlgoritmosTests.swift; sourceTree = "<group>"; };
		FEE8BFD52975E8DF0017DFDC /* AlgoritmosUITests.xctest */ = {isa = PBXFileReference; explicitFileType = wrapper.cfbundle; includeInIndex = 0; path = AlgoritmosUITests.xctest; sourceTree = BUILT_PRODUCTS_DIR; };
		FEE8BFD92975E8DF0017DFDC /* AlgoritmosUITests.swift */ = {isa = PBXFileReference; lastKnownFileType = sourcecode.swift; path = AlgoritmosUITests.swift; sourceTree = "<group>"; };
		FEE8BFDB2975E8DF0017DFDC /* AlgoritmosUITestsLaunchTests.swift */ = {isa = PBXFileReference; lastKnownFileType = sourcecode.swift; path = AlgoritmosUITestsLaunchTests.swift; sourceTree = "<group>"; };
		FEE8BFEA2975EA750017DFDC /* BFS.playground */ = {isa = PBXFileReference; lastKnownFileType = file.playground; path = BFS.playground; sourceTree = "<group>"; xcLanguageSpecificationIdentifier = xcode.lang.swift; };
		FEE8BFEB2975EA960017DFDC /* Graph.swift */ = {isa = PBXFileReference; lastKnownFileType = sourcecode.swift; path = Graph.swift; sourceTree = "<group>"; };
		FEE8BFED2975EC2E0017DFDC /* DFS.playground */ = {isa = PBXFileReference; lastKnownFileType = file.playground; path = DFS.playground; sourceTree = "<group>"; xcLanguageSpecificationIdentifier = xcode.lang.swift; };
		FEE8BFEE2975F1D60017DFDC /* Dijkstra.playground */ = {isa = PBXFileReference; lastKnownFileType = file.playground; path = Dijkstra.playground; sourceTree = "<group>"; xcLanguageSpecificationIdentifier = xcode.lang.swift; };
		FEE9E512297BF8B20042DAB2 /* Bridges.playground */ = {isa = PBXFileReference; lastKnownFileType = file.playground; path = Bridges.playground; sourceTree = "<group>"; xcLanguageSpecificationIdentifier = xcode.lang.swift; };
		FEEA147D2989BA800053F953 /* RemoveLoop.playground */ = {isa = PBXFileReference; lastKnownFileType = file.playground; path = RemoveLoop.playground; sourceTree = "<group>"; xcLanguageSpecificationIdentifier = xcode.lang.swift; };
		FEEDB42929785D2D00B4D4BC /* Prim.playground */ = {isa = PBXFileReference; lastKnownFileType = file.playground; path = Prim.playground; sourceTree = "<group>"; xcLanguageSpecificationIdentifier = xcode.lang.swift; };
		FEEDB42A297879EF00B4D4BC /* UndirectedGraph.swift */ = {isa = PBXFileReference; lastKnownFileType = sourcecode.swift; path = UndirectedGraph.swift; sourceTree = "<group>"; };
		FEEE9514298872B000C61767 /* Intersection.playground */ = {isa = PBXFileReference; lastKnownFileType = file.playground; path = Intersection.playground; sourceTree = "<group>"; xcLanguageSpecificationIdentifier = xcode.lang.swift; };
		FEF527F0297D5C53006B0D93 /* LinkedList.swift */ = {isa = PBXFileReference; lastKnownFileType = sourcecode.swift; path = LinkedList.swift; sourceTree = "<group>"; };
		FEF527F3297D5D45006B0D93 /* SortedInsert.playground */ = {isa = PBXFileReference; lastKnownFileType = file.playground; path = SortedInsert.playground; sourceTree = "<group>"; xcLanguageSpecificationIdentifier = xcode.lang.swift; };
/* End PBXFileReference section */

/* Begin PBXFrameworksBuildPhase section */
		FEE8BFB82975E8DD0017DFDC /* Frameworks */ = {
			isa = PBXFrameworksBuildPhase;
			buildActionMask = 2147483647;
			files = (
			);
			runOnlyForDeploymentPostprocessing = 0;
		};
		FEE8BFC82975E8DF0017DFDC /* Frameworks */ = {
			isa = PBXFrameworksBuildPhase;
			buildActionMask = 2147483647;
			files = (
			);
			runOnlyForDeploymentPostprocessing = 0;
		};
		FEE8BFD22975E8DF0017DFDC /* Frameworks */ = {
			isa = PBXFrameworksBuildPhase;
			buildActionMask = 2147483647;
			files = (
			);
			runOnlyForDeploymentPostprocessing = 0;
		};
/* End PBXFrameworksBuildPhase section */

/* Begin PBXGroup section */
		FED4BB282979A73400CDB0F5 /* Graph */ = {
			isa = PBXGroup;
			children = (
				FEE8BFEA2975EA750017DFDC /* BFS.playground */,
				FEE8BFED2975EC2E0017DFDC /* DFS.playground */,
				FEE8BFEE2975F1D60017DFDC /* Dijkstra.playground */,
				FE1224E72976C92800E2AD5D /* FloydWarshall.playground */,
				FEC4B3D4297749EF0067124B /* UnionFind.playground */,
				FEEDB42929785D2D00B4D4BC /* Prim.playground */,
				FED4BB272979A72600CDB0F5 /* Kruskal.playground */,
				FED456482979E9CF00C26B5D /* TopologicalSorting.playground */,
				FED61A44297B025400612035 /* Boggle.playground */,
				FEE9E512297BF8B20042DAB2 /* Bridges.playground */,
			);
			path = Graph;
			sourceTree = "<group>";
		};
		FEE8BFB22975E8DC0017DFDC = {
			isa = PBXGroup;
			children = (
				FEE8BFBD2975E8DD0017DFDC /* Algoritmos */,
				FEE8BFCE2975E8DF0017DFDC /* AlgoritmosTests */,
				FEE8BFD82975E8DF0017DFDC /* AlgoritmosUITests */,
				FEE8BFBC2975E8DD0017DFDC /* Products */,
			);
			sourceTree = "<group>";
		};
		FEE8BFBC2975E8DD0017DFDC /* Products */ = {
			isa = PBXGroup;
			children = (
				FEE8BFBB2975E8DD0017DFDC /* Algoritmos.app */,
				FEE8BFCB2975E8DF0017DFDC /* AlgoritmosTests.xctest */,
				FEE8BFD52975E8DF0017DFDC /* AlgoritmosUITests.xctest */,
			);
			name = Products;
			sourceTree = "<group>";
		};
		FEE8BFBD2975E8DD0017DFDC /* Algoritmos */ = {
			isa = PBXGroup;
			children = (
				FEE8BFE92975EA510017DFDC /* Playgrounds */,
				FEE8BFE82975EA480017DFDC /* Graph */,
				FEE8BFBE2975E8DD0017DFDC /* AlgoritmosApp.swift */,
				FEE8BFC02975E8DD0017DFDC /* ContentView.swift */,
				FEE8BFC22975E8DE0017DFDC /* Assets.xcassets */,
				FEE8BFC42975E8DE0017DFDC /* Preview Content */,
			);
			path = Algoritmos;
			sourceTree = "<group>";
		};
		FEE8BFC42975E8DE0017DFDC /* Preview Content */ = {
			isa = PBXGroup;
			children = (
				FEE8BFC52975E8DE0017DFDC /* Preview Assets.xcassets */,
			);
			path = "Preview Content";
			sourceTree = "<group>";
		};
		FEE8BFCE2975E8DF0017DFDC /* AlgoritmosTests */ = {
			isa = PBXGroup;
			children = (
				FEE8BFCF2975E8DF0017DFDC /* AlgoritmosTests.swift */,
			);
			path = AlgoritmosTests;
			sourceTree = "<group>";
		};
		FEE8BFD82975E8DF0017DFDC /* AlgoritmosUITests */ = {
			isa = PBXGroup;
			children = (
				FEE8BFD92975E8DF0017DFDC /* AlgoritmosUITests.swift */,
				FEE8BFDB2975E8DF0017DFDC /* AlgoritmosUITestsLaunchTests.swift */,
			);
			path = AlgoritmosUITests;
			sourceTree = "<group>";
		};
		FEE8BFE82975EA480017DFDC /* Graph */ = {
			isa = PBXGroup;
			children = (
				FEE8BFEB2975EA960017DFDC /* Graph.swift */,
				FEEDB42A297879EF00B4D4BC /* UndirectedGraph.swift */,
				FEF527F0297D5C53006B0D93 /* LinkedList.swift */,
			);
			path = Graph;
			sourceTree = "<group>";
		};
		FEE8BFE92975EA510017DFDC /* Playgrounds */ = {
			isa = PBXGroup;
			children = (
				FEF527F2297D5D27006B0D93 /* LinkedList */,
				FED4BB282979A73400CDB0F5 /* Graph */,
			);
			path = Playgrounds;
			sourceTree = "<group>";
		};
		FEF527F2297D5D27006B0D93 /* LinkedList */ = {
			isa = PBXGroup;
			children = (
				FEF527F3297D5D45006B0D93 /* SortedInsert.playground */,
				FEDA3420297D951600F5D28F /* DeleteNode.playground */,
				FECEA08F297DD0920074F639 /* Compare.playground */,
				FEE3B0CB297F019B00E1E5A2 /* Sum.playground */,
				FECC28B329801B960003C991 /* Merge.playground */,
				FEA94B952981596400ACA4A3 /* Reverse.playground */,
				FED7322D2981A3C300B88BBF /* Union.playground */,
				FEEE9514298872B000C61767 /* Intersection.playground */,
				FEEA147D2989BA800053F953 /* RemoveLoop.playground */,
				FEA1D1E8298AB188007066B1 /* MergeSort.playground */,
			);
			path = LinkedList;
			sourceTree = "<group>";
		};
/* End PBXGroup section */

/* Begin PBXNativeTarget section */
		FEE8BFBA2975E8DD0017DFDC /* Algoritmos */ = {
			isa = PBXNativeTarget;
			buildConfigurationList = FEE8BFDF2975E8DF0017DFDC /* Build configuration list for PBXNativeTarget "Algoritmos" */;
			buildPhases = (
				FEE8BFB72975E8DD0017DFDC /* Sources */,
				FEE8BFB82975E8DD0017DFDC /* Frameworks */,
				FEE8BFB92975E8DD0017DFDC /* Resources */,
			);
			buildRules = (
			);
			dependencies = (
			);
			name = Algoritmos;
			productName = Algoritmos;
			productReference = FEE8BFBB2975E8DD0017DFDC /* Algoritmos.app */;
			productType = "com.apple.product-type.application";
		};
		FEE8BFCA2975E8DF0017DFDC /* AlgoritmosTests */ = {
			isa = PBXNativeTarget;
			buildConfigurationList = FEE8BFE22975E8DF0017DFDC /* Build configuration list for PBXNativeTarget "AlgoritmosTests" */;
			buildPhases = (
				FEE8BFC72975E8DF0017DFDC /* Sources */,
				FEE8BFC82975E8DF0017DFDC /* Frameworks */,
				FEE8BFC92975E8DF0017DFDC /* Resources */,
			);
			buildRules = (
			);
			dependencies = (
				FEE8BFCD2975E8DF0017DFDC /* PBXTargetDependency */,
			);
			name = AlgoritmosTests;
			productName = AlgoritmosTests;
			productReference = FEE8BFCB2975E8DF0017DFDC /* AlgoritmosTests.xctest */;
			productType = "com.apple.product-type.bundle.unit-test";
		};
		FEE8BFD42975E8DF0017DFDC /* AlgoritmosUITests */ = {
			isa = PBXNativeTarget;
			buildConfigurationList = FEE8BFE52975E8DF0017DFDC /* Build configuration list for PBXNativeTarget "AlgoritmosUITests" */;
			buildPhases = (
				FEE8BFD12975E8DF0017DFDC /* Sources */,
				FEE8BFD22975E8DF0017DFDC /* Frameworks */,
				FEE8BFD32975E8DF0017DFDC /* Resources */,
			);
			buildRules = (
			);
			dependencies = (
				FEE8BFD72975E8DF0017DFDC /* PBXTargetDependency */,
			);
			name = AlgoritmosUITests;
			productName = AlgoritmosUITests;
			productReference = FEE8BFD52975E8DF0017DFDC /* AlgoritmosUITests.xctest */;
			productType = "com.apple.product-type.bundle.ui-testing";
		};
/* End PBXNativeTarget section */

/* Begin PBXProject section */
		FEE8BFB32975E8DC0017DFDC /* Project object */ = {
			isa = PBXProject;
			attributes = {
				BuildIndependentTargetsInParallel = 1;
				LastSwiftUpdateCheck = 1420;
				LastUpgradeCheck = 1420;
				TargetAttributes = {
					FEE8BFBA2975E8DD0017DFDC = {
						CreatedOnToolsVersion = 14.2;
					};
					FEE8BFCA2975E8DF0017DFDC = {
						CreatedOnToolsVersion = 14.2;
						TestTargetID = FEE8BFBA2975E8DD0017DFDC;
					};
					FEE8BFD42975E8DF0017DFDC = {
						CreatedOnToolsVersion = 14.2;
						TestTargetID = FEE8BFBA2975E8DD0017DFDC;
					};
				};
			};
			buildConfigurationList = FEE8BFB62975E8DC0017DFDC /* Build configuration list for PBXProject "Algoritmos" */;
			compatibilityVersion = "Xcode 14.0";
			developmentRegion = en;
			hasScannedForEncodings = 0;
			knownRegions = (
				en,
				Base,
			);
			mainGroup = FEE8BFB22975E8DC0017DFDC;
			productRefGroup = FEE8BFBC2975E8DD0017DFDC /* Products */;
			projectDirPath = "";
			projectRoot = "";
			targets = (
				FEE8BFBA2975E8DD0017DFDC /* Algoritmos */,
				FEE8BFCA2975E8DF0017DFDC /* AlgoritmosTests */,
				FEE8BFD42975E8DF0017DFDC /* AlgoritmosUITests */,
			);
		};
/* End PBXProject section */

/* Begin PBXResourcesBuildPhase section */
		FEE8BFB92975E8DD0017DFDC /* Resources */ = {
			isa = PBXResourcesBuildPhase;
			buildActionMask = 2147483647;
			files = (
				FEE8BFC62975E8DE0017DFDC /* Preview Assets.xcassets in Resources */,
				FEE8BFC32975E8DE0017DFDC /* Assets.xcassets in Resources */,
			);
			runOnlyForDeploymentPostprocessing = 0;
		};
		FEE8BFC92975E8DF0017DFDC /* Resources */ = {
			isa = PBXResourcesBuildPhase;
			buildActionMask = 2147483647;
			files = (
			);
			runOnlyForDeploymentPostprocessing = 0;
		};
		FEE8BFD32975E8DF0017DFDC /* Resources */ = {
			isa = PBXResourcesBuildPhase;
			buildActionMask = 2147483647;
			files = (
			);
			runOnlyForDeploymentPostprocessing = 0;
		};
/* End PBXResourcesBuildPhase section */

/* Begin PBXSourcesBuildPhase section */
		FEE8BFB72975E8DD0017DFDC /* Sources */ = {
			isa = PBXSourcesBuildPhase;
			buildActionMask = 2147483647;
			files = (
				FEE8BFEC2975EA960017DFDC /* Graph.swift in Sources */,
				FEEDB42B297879EF00B4D4BC /* UndirectedGraph.swift in Sources */,
				FEF527F1297D5C53006B0D93 /* LinkedList.swift in Sources */,
				FEE8BFC12975E8DD0017DFDC /* ContentView.swift in Sources */,
				FEE8BFBF2975E8DD0017DFDC /* AlgoritmosApp.swift in Sources */,
			);
			runOnlyForDeploymentPostprocessing = 0;
		};
		FEE8BFC72975E8DF0017DFDC /* Sources */ = {
			isa = PBXSourcesBuildPhase;
			buildActionMask = 2147483647;
			files = (
				FEE8BFD02975E8DF0017DFDC /* AlgoritmosTests.swift in Sources */,
			);
			runOnlyForDeploymentPostprocessing = 0;
		};
		FEE8BFD12975E8DF0017DFDC /* Sources */ = {
			isa = PBXSourcesBuildPhase;
			buildActionMask = 2147483647;
			files = (
				FEE8BFDA2975E8DF0017DFDC /* AlgoritmosUITests.swift in Sources */,
				FEE8BFDC2975E8DF0017DFDC /* AlgoritmosUITestsLaunchTests.swift in Sources */,
			);
			runOnlyForDeploymentPostprocessing = 0;
		};
/* End PBXSourcesBuildPhase section */

/* Begin PBXTargetDependency section */
		FEE8BFCD2975E8DF0017DFDC /* PBXTargetDependency */ = {
			isa = PBXTargetDependency;
			target = FEE8BFBA2975E8DD0017DFDC /* Algoritmos */;
			targetProxy = FEE8BFCC2975E8DF0017DFDC /* PBXContainerItemProxy */;
		};
		FEE8BFD72975E8DF0017DFDC /* PBXTargetDependency */ = {
			isa = PBXTargetDependency;
			target = FEE8BFBA2975E8DD0017DFDC /* Algoritmos */;
			targetProxy = FEE8BFD62975E8DF0017DFDC /* PBXContainerItemProxy */;
		};
/* End PBXTargetDependency section */

/* Begin XCBuildConfiguration section */
		FEE8BFDD2975E8DF0017DFDC /* Debug */ = {
			isa = XCBuildConfiguration;
			buildSettings = {
				ALWAYS_SEARCH_USER_PATHS = NO;
				CLANG_ANALYZER_NONNULL = YES;
				CLANG_ANALYZER_NUMBER_OBJECT_CONVERSION = YES_AGGRESSIVE;
				CLANG_CXX_LANGUAGE_STANDARD = "gnu++20";
				CLANG_ENABLE_MODULES = YES;
				CLANG_ENABLE_OBJC_ARC = YES;
				CLANG_ENABLE_OBJC_WEAK = YES;
				CLANG_WARN_BLOCK_CAPTURE_AUTORELEASING = YES;
				CLANG_WARN_BOOL_CONVERSION = YES;
				CLANG_WARN_COMMA = YES;
				CLANG_WARN_CONSTANT_CONVERSION = YES;
				CLANG_WARN_DEPRECATED_OBJC_IMPLEMENTATIONS = YES;
				CLANG_WARN_DIRECT_OBJC_ISA_USAGE = YES_ERROR;
				CLANG_WARN_DOCUMENTATION_COMMENTS = YES;
				CLANG_WARN_EMPTY_BODY = YES;
				CLANG_WARN_ENUM_CONVERSION = YES;
				CLANG_WARN_INFINITE_RECURSION = YES;
				CLANG_WARN_INT_CONVERSION = YES;
				CLANG_WARN_NON_LITERAL_NULL_CONVERSION = YES;
				CLANG_WARN_OBJC_IMPLICIT_RETAIN_SELF = YES;
				CLANG_WARN_OBJC_LITERAL_CONVERSION = YES;
				CLANG_WARN_OBJC_ROOT_CLASS = YES_ERROR;
				CLANG_WARN_QUOTED_INCLUDE_IN_FRAMEWORK_HEADER = YES;
				CLANG_WARN_RANGE_LOOP_ANALYSIS = YES;
				CLANG_WARN_STRICT_PROTOTYPES = YES;
				CLANG_WARN_SUSPICIOUS_MOVE = YES;
				CLANG_WARN_UNGUARDED_AVAILABILITY = YES_AGGRESSIVE;
				CLANG_WARN_UNREACHABLE_CODE = YES;
				CLANG_WARN__DUPLICATE_METHOD_MATCH = YES;
				COPY_PHASE_STRIP = NO;
				DEBUG_INFORMATION_FORMAT = dwarf;
				ENABLE_STRICT_OBJC_MSGSEND = YES;
				ENABLE_TESTABILITY = YES;
				GCC_C_LANGUAGE_STANDARD = gnu11;
				GCC_DYNAMIC_NO_PIC = NO;
				GCC_NO_COMMON_BLOCKS = YES;
				GCC_OPTIMIZATION_LEVEL = 0;
				GCC_PREPROCESSOR_DEFINITIONS = (
					"DEBUG=1",
					"$(inherited)",
				);
				GCC_WARN_64_TO_32_BIT_CONVERSION = YES;
				GCC_WARN_ABOUT_RETURN_TYPE = YES_ERROR;
				GCC_WARN_UNDECLARED_SELECTOR = YES;
				GCC_WARN_UNINITIALIZED_AUTOS = YES_AGGRESSIVE;
				GCC_WARN_UNUSED_FUNCTION = YES;
				GCC_WARN_UNUSED_VARIABLE = YES;
				IPHONEOS_DEPLOYMENT_TARGET = 16.2;
				MTL_ENABLE_DEBUG_INFO = INCLUDE_SOURCE;
				MTL_FAST_MATH = YES;
				ONLY_ACTIVE_ARCH = YES;
				SDKROOT = iphoneos;
				SWIFT_ACTIVE_COMPILATION_CONDITIONS = DEBUG;
				SWIFT_OPTIMIZATION_LEVEL = "-Onone";
			};
			name = Debug;
		};
		FEE8BFDE2975E8DF0017DFDC /* Release */ = {
			isa = XCBuildConfiguration;
			buildSettings = {
				ALWAYS_SEARCH_USER_PATHS = NO;
				CLANG_ANALYZER_NONNULL = YES;
				CLANG_ANALYZER_NUMBER_OBJECT_CONVERSION = YES_AGGRESSIVE;
				CLANG_CXX_LANGUAGE_STANDARD = "gnu++20";
				CLANG_ENABLE_MODULES = YES;
				CLANG_ENABLE_OBJC_ARC = YES;
				CLANG_ENABLE_OBJC_WEAK = YES;
				CLANG_WARN_BLOCK_CAPTURE_AUTORELEASING = YES;
				CLANG_WARN_BOOL_CONVERSION = YES;
				CLANG_WARN_COMMA = YES;
				CLANG_WARN_CONSTANT_CONVERSION = YES;
				CLANG_WARN_DEPRECATED_OBJC_IMPLEMENTATIONS = YES;
				CLANG_WARN_DIRECT_OBJC_ISA_USAGE = YES_ERROR;
				CLANG_WARN_DOCUMENTATION_COMMENTS = YES;
				CLANG_WARN_EMPTY_BODY = YES;
				CLANG_WARN_ENUM_CONVERSION = YES;
				CLANG_WARN_INFINITE_RECURSION = YES;
				CLANG_WARN_INT_CONVERSION = YES;
				CLANG_WARN_NON_LITERAL_NULL_CONVERSION = YES;
				CLANG_WARN_OBJC_IMPLICIT_RETAIN_SELF = YES;
				CLANG_WARN_OBJC_LITERAL_CONVERSION = YES;
				CLANG_WARN_OBJC_ROOT_CLASS = YES_ERROR;
				CLANG_WARN_QUOTED_INCLUDE_IN_FRAMEWORK_HEADER = YES;
				CLANG_WARN_RANGE_LOOP_ANALYSIS = YES;
				CLANG_WARN_STRICT_PROTOTYPES = YES;
				CLANG_WARN_SUSPICIOUS_MOVE = YES;
				CLANG_WARN_UNGUARDED_AVAILABILITY = YES_AGGRESSIVE;
				CLANG_WARN_UNREACHABLE_CODE = YES;
				CLANG_WARN__DUPLICATE_METHOD_MATCH = YES;
				COPY_PHASE_STRIP = NO;
				DEBUG_INFORMATION_FORMAT = "dwarf-with-dsym";
				ENABLE_NS_ASSERTIONS = NO;
				ENABLE_STRICT_OBJC_MSGSEND = YES;
				GCC_C_LANGUAGE_STANDARD = gnu11;
				GCC_NO_COMMON_BLOCKS = YES;
				GCC_WARN_64_TO_32_BIT_CONVERSION = YES;
				GCC_WARN_ABOUT_RETURN_TYPE = YES_ERROR;
				GCC_WARN_UNDECLARED_SELECTOR = YES;
				GCC_WARN_UNINITIALIZED_AUTOS = YES_AGGRESSIVE;
				GCC_WARN_UNUSED_FUNCTION = YES;
				GCC_WARN_UNUSED_VARIABLE = YES;
				IPHONEOS_DEPLOYMENT_TARGET = 16.2;
				MTL_ENABLE_DEBUG_INFO = NO;
				MTL_FAST_MATH = YES;
				SDKROOT = iphoneos;
				SWIFT_COMPILATION_MODE = wholemodule;
				SWIFT_OPTIMIZATION_LEVEL = "-O";
				VALIDATE_PRODUCT = YES;
			};
			name = Release;
		};
		FEE8BFE02975E8DF0017DFDC /* Debug */ = {
			isa = XCBuildConfiguration;
			buildSettings = {
				ASSETCATALOG_COMPILER_APPICON_NAME = AppIcon;
				ASSETCATALOG_COMPILER_GLOBAL_ACCENT_COLOR_NAME = AccentColor;
				CODE_SIGN_STYLE = Automatic;
				CURRENT_PROJECT_VERSION = 1;
				DEVELOPMENT_ASSET_PATHS = "\"Algoritmos/Preview Content\"";
				DEVELOPMENT_TEAM = SVW6HF2MTV;
				ENABLE_PREVIEWS = YES;
				GENERATE_INFOPLIST_FILE = YES;
				INFOPLIST_KEY_UIApplicationSceneManifest_Generation = YES;
				INFOPLIST_KEY_UIApplicationSupportsIndirectInputEvents = YES;
				INFOPLIST_KEY_UILaunchScreen_Generation = YES;
				INFOPLIST_KEY_UISupportedInterfaceOrientations_iPad = "UIInterfaceOrientationPortrait UIInterfaceOrientationPortraitUpsideDown UIInterfaceOrientationLandscapeLeft UIInterfaceOrientationLandscapeRight";
				INFOPLIST_KEY_UISupportedInterfaceOrientations_iPhone = "UIInterfaceOrientationPortrait UIInterfaceOrientationLandscapeLeft UIInterfaceOrientationLandscapeRight";
				LD_RUNPATH_SEARCH_PATHS = (
					"$(inherited)",
					"@executable_path/Frameworks",
				);
				MARKETING_VERSION = 1.0;
				PRODUCT_BUNDLE_IDENTIFIER = com.yeniellandestoy.Algoritmos;
				PRODUCT_NAME = "$(TARGET_NAME)";
				SWIFT_EMIT_LOC_STRINGS = YES;
				SWIFT_VERSION = 5.0;
				TARGETED_DEVICE_FAMILY = "1,2";
			};
			name = Debug;
		};
		FEE8BFE12975E8DF0017DFDC /* Release */ = {
			isa = XCBuildConfiguration;
			buildSettings = {
				ASSETCATALOG_COMPILER_APPICON_NAME = AppIcon;
				ASSETCATALOG_COMPILER_GLOBAL_ACCENT_COLOR_NAME = AccentColor;
				CODE_SIGN_STYLE = Automatic;
				CURRENT_PROJECT_VERSION = 1;
				DEVELOPMENT_ASSET_PATHS = "\"Algoritmos/Preview Content\"";
				DEVELOPMENT_TEAM = SVW6HF2MTV;
				ENABLE_PREVIEWS = YES;
				GENERATE_INFOPLIST_FILE = YES;
				INFOPLIST_KEY_UIApplicationSceneManifest_Generation = YES;
				INFOPLIST_KEY_UIApplicationSupportsIndirectInputEvents = YES;
				INFOPLIST_KEY_UILaunchScreen_Generation = YES;
				INFOPLIST_KEY_UISupportedInterfaceOrientations_iPad = "UIInterfaceOrientationPortrait UIInterfaceOrientationPortraitUpsideDown UIInterfaceOrientationLandscapeLeft UIInterfaceOrientationLandscapeRight";
				INFOPLIST_KEY_UISupportedInterfaceOrientations_iPhone = "UIInterfaceOrientationPortrait UIInterfaceOrientationLandscapeLeft UIInterfaceOrientationLandscapeRight";
				LD_RUNPATH_SEARCH_PATHS = (
					"$(inherited)",
					"@executable_path/Frameworks",
				);
				MARKETING_VERSION = 1.0;
				PRODUCT_BUNDLE_IDENTIFIER = com.yeniellandestoy.Algoritmos;
				PRODUCT_NAME = "$(TARGET_NAME)";
				SWIFT_EMIT_LOC_STRINGS = YES;
				SWIFT_VERSION = 5.0;
				TARGETED_DEVICE_FAMILY = "1,2";
			};
			name = Release;
		};
		FEE8BFE32975E8DF0017DFDC /* Debug */ = {
			isa = XCBuildConfiguration;
			buildSettings = {
				ALWAYS_EMBED_SWIFT_STANDARD_LIBRARIES = YES;
				BUNDLE_LOADER = "$(TEST_HOST)";
				CODE_SIGN_STYLE = Automatic;
				CURRENT_PROJECT_VERSION = 1;
				DEVELOPMENT_TEAM = SVW6HF2MTV;
				GENERATE_INFOPLIST_FILE = YES;
				IPHONEOS_DEPLOYMENT_TARGET = 16.2;
				MARKETING_VERSION = 1.0;
				PRODUCT_BUNDLE_IDENTIFIER = com.yeniellandestoy.AlgoritmosTests;
				PRODUCT_NAME = "$(TARGET_NAME)";
				SWIFT_EMIT_LOC_STRINGS = NO;
				SWIFT_VERSION = 5.0;
				TARGETED_DEVICE_FAMILY = "1,2";
				TEST_HOST = "$(BUILT_PRODUCTS_DIR)/Algoritmos.app/$(BUNDLE_EXECUTABLE_FOLDER_PATH)/Algoritmos";
			};
			name = Debug;
		};
		FEE8BFE42975E8DF0017DFDC /* Release */ = {
			isa = XCBuildConfiguration;
			buildSettings = {
				ALWAYS_EMBED_SWIFT_STANDARD_LIBRARIES = YES;
				BUNDLE_LOADER = "$(TEST_HOST)";
				CODE_SIGN_STYLE = Automatic;
				CURRENT_PROJECT_VERSION = 1;
				DEVELOPMENT_TEAM = SVW6HF2MTV;
				GENERATE_INFOPLIST_FILE = YES;
				IPHONEOS_DEPLOYMENT_TARGET = 16.2;
				MARKETING_VERSION = 1.0;
				PRODUCT_BUNDLE_IDENTIFIER = com.yeniellandestoy.AlgoritmosTests;
				PRODUCT_NAME = "$(TARGET_NAME)";
				SWIFT_EMIT_LOC_STRINGS = NO;
				SWIFT_VERSION = 5.0;
				TARGETED_DEVICE_FAMILY = "1,2";
				TEST_HOST = "$(BUILT_PRODUCTS_DIR)/Algoritmos.app/$(BUNDLE_EXECUTABLE_FOLDER_PATH)/Algoritmos";
			};
			name = Release;
		};
		FEE8BFE62975E8DF0017DFDC /* Debug */ = {
			isa = XCBuildConfiguration;
			buildSettings = {
				ALWAYS_EMBED_SWIFT_STANDARD_LIBRARIES = YES;
				CODE_SIGN_STYLE = Automatic;
				CURRENT_PROJECT_VERSION = 1;
				DEVELOPMENT_TEAM = SVW6HF2MTV;
				GENERATE_INFOPLIST_FILE = YES;
				MARKETING_VERSION = 1.0;
				PRODUCT_BUNDLE_IDENTIFIER = com.yeniellandestoy.AlgoritmosUITests;
				PRODUCT_NAME = "$(TARGET_NAME)";
				SWIFT_EMIT_LOC_STRINGS = NO;
				SWIFT_VERSION = 5.0;
				TARGETED_DEVICE_FAMILY = "1,2";
				TEST_TARGET_NAME = Algoritmos;
			};
			name = Debug;
		};
		FEE8BFE72975E8DF0017DFDC /* Release */ = {
			isa = XCBuildConfiguration;
			buildSettings = {
				ALWAYS_EMBED_SWIFT_STANDARD_LIBRARIES = YES;
				CODE_SIGN_STYLE = Automatic;
				CURRENT_PROJECT_VERSION = 1;
				DEVELOPMENT_TEAM = SVW6HF2MTV;
				GENERATE_INFOPLIST_FILE = YES;
				MARKETING_VERSION = 1.0;
				PRODUCT_BUNDLE_IDENTIFIER = com.yeniellandestoy.AlgoritmosUITests;
				PRODUCT_NAME = "$(TARGET_NAME)";
				SWIFT_EMIT_LOC_STRINGS = NO;
				SWIFT_VERSION = 5.0;
				TARGETED_DEVICE_FAMILY = "1,2";
				TEST_TARGET_NAME = Algoritmos;
			};
			name = Release;
		};
/* End XCBuildConfiguration section */

/* Begin XCConfigurationList section */
		FEE8BFB62975E8DC0017DFDC /* Build configuration list for PBXProject "Algoritmos" */ = {
			isa = XCConfigurationList;
			buildConfigurations = (
				FEE8BFDD2975E8DF0017DFDC /* Debug */,
				FEE8BFDE2975E8DF0017DFDC /* Release */,
			);
			defaultConfigurationIsVisible = 0;
			defaultConfigurationName = Release;
		};
		FEE8BFDF2975E8DF0017DFDC /* Build configuration list for PBXNativeTarget "Algoritmos" */ = {
			isa = XCConfigurationList;
			buildConfigurations = (
				FEE8BFE02975E8DF0017DFDC /* Debug */,
				FEE8BFE12975E8DF0017DFDC /* Release */,
			);
			defaultConfigurationIsVisible = 0;
			defaultConfigurationName = Release;
		};
		FEE8BFE22975E8DF0017DFDC /* Build configuration list for PBXNativeTarget "AlgoritmosTests" */ = {
			isa = XCConfigurationList;
			buildConfigurations = (
				FEE8BFE32975E8DF0017DFDC /* Debug */,
				FEE8BFE42975E8DF0017DFDC /* Release */,
			);
			defaultConfigurationIsVisible = 0;
			defaultConfigurationName = Release;
		};
		FEE8BFE52975E8DF0017DFDC /* Build configuration list for PBXNativeTarget "AlgoritmosUITests" */ = {
			isa = XCConfigurationList;
			buildConfigurations = (
				FEE8BFE62975E8DF0017DFDC /* Debug */,
				FEE8BFE72975E8DF0017DFDC /* Release */,
			);
			defaultConfigurationIsVisible = 0;
			defaultConfigurationName = Release;
		};
/* End XCConfigurationList section */
	};
	rootObject = FEE8BFB32975E8DC0017DFDC /* Project object */;
}
